
Microsoft Visual Studio Solution File, Format Version 12.00
# Visual Studio 14
VisualStudioVersion = 14.0.25420.1
MinimumVisualStudioVersion = 10.0.40219.1
Project("{FAE04EC0-301F-11D3-BF4B-00C04F79EFBC}") = "sample", "sample\sample.csproj", "{4966A36B-A8EC-486F-874E-AAD682848EA5}"
EndProject
Project("{FAE04EC0-301F-11D3-BF4B-00C04F79EFBC}") = "DAL", "DAL\DAL.csproj", "{DD627D0E-77AC-4BC4-8443-C399A5F03713}"
EndProject
Global
	GlobalSection(SolutionConfigurationPlatforms) = preSolution
		Debug|Any CPU = Debug|Any CPU
		Release|Any CPU = Release|Any CPU
	EndGlobalSection
	GlobalSection(ProjectConfigurationPlatforms) = postSolution
		{4966A36B-A8EC-486F-874E-AAD682848EA5}.Debug|Any CPU.ActiveCfg = Debug|Any CPU
		{4966A36B-A8EC-486F-874E-AAD682848EA5}.Debug|Any CPU.Build.0 = Debug|Any CPU
		{4966A36B-A8EC-486F-874E-AAD682848EA5}.Release|Any CPU.ActiveCfg = Release|Any CPU
		{4966A36B-A8EC-486F-874E-AAD682848EA5}.Release|Any CPU.Build.0 = Release|Any CPU
		{DD627D0E-77AC-4BC4-8443-C399A5F03713}.Debug|Any CPU.ActiveCfg = Debug|Any CPU
		{DD627D0E-77AC-4BC4-8443-C399A5F03713}.Debug|Any CPU.Build.0 = Debug|Any CPU
		{DD627D0E-77AC-4BC4-8443-C399A5F03713}.Release|Any CPU.ActiveCfg = Release|Any CPU
		{DD627D0E-77AC-4BC4-8443-C399A5F03713}.Release|Any CPU.Build.0 = Release|Any CPU
	EndGlobalSection
	GlobalSection(SolutionProperties) = preSolution
		HideSolutionNode = FALSE
	EndGlobalSection
EndGlobal
